
Microsoft Visual Studio Solution File, Format Version 12.00
# Visual Studio Version 17
VisualStudioVersion = 17.8.34330.188
MinimumVisualStudioVersion = 10.0.40219.1
Project("{FAE04EC0-301F-11D3-BF4B-00C04F79EFBC}") = "SimpleCryptoAPI", "SimpleCryptoAPI\SimpleCryptoAPI.csproj", "{0AF9655A-BFA2-4F31-BB06-A01740973AF0}"
EndProject
Global
	GlobalSection(SolutionConfigurationPlatforms) = preSolution
		Debug|Any CPU = Debug|Any CPU
		Release|Any CPU = Release|Any CPU
	EndGlobalSection
	GlobalSection(ProjectConfigurationPlatforms) = postSolution
		{0AF9655A-BFA2-4F31-BB06-A01740973AF0}.Debug|Any CPU.ActiveCfg = Debug|Any CPU
		{0AF9655A-BFA2-4F31-BB06-A01740973AF0}.Debug|Any CPU.Build.0 = Debug|Any CPU
		{0AF9655A-BFA2-4F31-BB06-A01740973AF0}.Release|Any CPU.ActiveCfg = Release|Any CPU
		{0AF9655A-BFA2-4F31-BB06-A01740973AF0}.Release|Any CPU.Build.0 = Release|Any CPU
	EndGlobalSection
	GlobalSection(SolutionProperties) = preSolution
		HideSolutionNode = FALSE
	EndGlobalSection
	GlobalSection(ExtensibilityGlobals) = postSolution
		SolutionGuid = {0EDFFFB2-FBAC-4967-BA71-817FA8F0E96A}
	EndGlobalSection
EndGlobal
